// !$*UTF8*$!
{
	archiveVersion = 1;
	classes = {
	};
	objectVersion = 51;
	objects = {

/* Begin PBXBuildFile section */
		10A612662C07320A009BFA0E /* LeagueDetailsViewModelTests.swift in Sources */ = {isa = PBXBuildFile; fileRef = 10A612652C07320A009BFA0E /* LeagueDetailsViewModelTests.swift */; };
		10BEC8202C06D7C8001D0AF2 /* CustomHeader.swift in Sources */ = {isa = PBXBuildFile; fileRef = 10BEC81F2C06D7C8001D0AF2 /* CustomHeader.swift */; };
		10FA9DA22C018FCC00A391AE /* SecondMain.storyboard in Resources */ = {isa = PBXBuildFile; fileRef = 10FA9DA12C018FCC00A391AE /* SecondMain.storyboard */; };
		10FA9DB12C019A4200A391AE /* LatestResultsCell.swift in Sources */ = {isa = PBXBuildFile; fileRef = 10FA9DB02C019A4200A391AE /* LatestResultsCell.swift */; };
		10FA9DB32C019A4C00A391AE /* LatestResultsCell.xib in Resources */ = {isa = PBXBuildFile; fileRef = 10FA9DB22C019A4C00A391AE /* LatestResultsCell.xib */; };
		10FA9DB52C019A5600A391AE /* CustomEventCell.swift in Sources */ = {isa = PBXBuildFile; fileRef = 10FA9DB42C019A5600A391AE /* CustomEventCell.swift */; };
		10FA9DB72C019A6800A391AE /* CustomEventCell.xib in Resources */ = {isa = PBXBuildFile; fileRef = 10FA9DB62C019A6800A391AE /* CustomEventCell.xib */; };
		10FA9DB92C019A7700A391AE /* CustomTeamsCell.swift in Sources */ = {isa = PBXBuildFile; fileRef = 10FA9DB82C019A7700A391AE /* CustomTeamsCell.swift */; };
		10FA9DBB2C019A7F00A391AE /* CustomTeamsCell.xib in Resources */ = {isa = PBXBuildFile; fileRef = 10FA9DBA2C019A7F00A391AE /* CustomTeamsCell.xib */; };
		10FA9DBD2C019AB800A391AE /* LeagueDetailsTableTableViewController.swift in Sources */ = {isa = PBXBuildFile; fileRef = 10FA9DBC2C019AB800A391AE /* LeagueDetailsTableTableViewController.swift */; };
		10FA9DBF2C019AFE00A391AE /* LeagueDetailsViewModle.swift in Sources */ = {isa = PBXBuildFile; fileRef = 10FA9DBE2C019AFE00A391AE /* LeagueDetailsViewModle.swift */; };
		10FA9DC42C019B8000A391AE /* Utlies.swift in Sources */ = {isa = PBXBuildFile; fileRef = 10FA9DC32C019B8000A391AE /* Utlies.swift */; };
		10FA9DC62C019BA000A391AE /* Constants.swift in Sources */ = {isa = PBXBuildFile; fileRef = 10FA9DC52C019BA000A391AE /* Constants.swift */; };
		10FA9DCD2C01A02D00A391AE /* TeamDetailsViewController.swift in Sources */ = {isa = PBXBuildFile; fileRef = 10FA9DCC2C01A02D00A391AE /* TeamDetailsViewController.swift */; };
		10FA9DD72C03205500A391AE /* TeamDetailsViewModel.swift in Sources */ = {isa = PBXBuildFile; fileRef = 10FA9DD62C03205500A391AE /* TeamDetailsViewModel.swift */; };
		17399B2E2BF8AF2600EE238A /* HomeViewModel.swift in Sources */ = {isa = PBXBuildFile; fileRef = 17399B2D2BF8AF2600EE238A /* HomeViewModel.swift */; };
		17399B302BF8AF9A00EE238A /* NetworkServices.swift in Sources */ = {isa = PBXBuildFile; fileRef = 17399B2F2BF8AF9A00EE238A /* NetworkServices.swift */; };
		17399B332BF8B29800EE238A /* League.swift in Sources */ = {isa = PBXBuildFile; fileRef = 17399B322BF8B29800EE238A /* League.swift */; };
		17399B352BF8CE7400EE238A /* Sport.swift in Sources */ = {isa = PBXBuildFile; fileRef = 17399B342BF8CE7400EE238A /* Sport.swift */; };
		17399B3A2BF8EC0E00EE238A /* LeagueTableViewController.swift in Sources */ = {isa = PBXBuildFile; fileRef = 17399B392BF8EC0E00EE238A /* LeagueTableViewController.swift */; };
		17399B3C2BF8EE1800EE238A /* LeagueTableViewCell.swift in Sources */ = {isa = PBXBuildFile; fileRef = 17399B3B2BF8EE1800EE238A /* LeagueTableViewCell.swift */; };
		17399B3E2BF8F44500EE238A /* LeagueViewModel.swift in Sources */ = {isa = PBXBuildFile; fileRef = 17399B3D2BF8F44500EE238A /* LeagueViewModel.swift */; };
		173D00302BFD18F500DF1206 /* MockingNetwork.swift in Sources */ = {isa = PBXBuildFile; fileRef = 173D002F2BFD18F500DF1206 /* MockingNetwork.swift */; };
		173D00322BFD1EBA00DF1206 /* MockingTest.swift in Sources */ = {isa = PBXBuildFile; fileRef = 173D00312BFD1EBA00DF1206 /* MockingTest.swift */; };
		173D00352BFD207300DF1206 /* ApiTest.swift in Sources */ = {isa = PBXBuildFile; fileRef = 173D00342BFD207300DF1206 /* ApiTest.swift */; };
		173D00372BFD295E00DF1206 /* CustomHeaderView.swift in Sources */ = {isa = PBXBuildFile; fileRef = 173D00362BFD295E00DF1206 /* CustomHeaderView.swift */; };
		177172112BFF900E000A00C9 /* FavoriteViewModel.swift in Sources */ = {isa = PBXBuildFile; fileRef = 177172102BFF900E000A00C9 /* FavoriteViewModel.swift */; };
		177172142BFF9078000A00C9 /* CoreDataServices.swift in Sources */ = {isa = PBXBuildFile; fileRef = 177172132BFF9078000A00C9 /* CoreDataServices.swift */; };
		1771721A2BFFA2CF000A00C9 /* DependencyInjector.swift in Sources */ = {isa = PBXBuildFile; fileRef = 177172192BFFA2CF000A00C9 /* DependencyInjector.swift */; };
		1771721C2BFFA839000A00C9 /* Video.swift in Sources */ = {isa = PBXBuildFile; fileRef = 1771721B2BFFA839000A00C9 /* Video.swift */; };
		17850DDD2C051BA600C14225 /* FavoriteViewModelTests.swift in Sources */ = {isa = PBXBuildFile; fileRef = 17850DDC2C051BA600C14225 /* FavoriteViewModelTests.swift */; };
		17864DF22C01282800BA55B4 /* EventsResponse.swift in Sources */ = {isa = PBXBuildFile; fileRef = 17864DEF2C01282800BA55B4 /* EventsResponse.swift */; };
		178BF9A92C0612AC004109A0 /* CustomHeaderVieww.swift in Sources */ = {isa = PBXBuildFile; fileRef = 178BF9A82C0612AC004109A0 /* CustomHeaderVieww.swift */; };
		17A8E3CD2BF6250600472B10 /* AppDelegate.swift in Sources */ = {isa = PBXBuildFile; fileRef = 17A8E3CC2BF6250600472B10 /* AppDelegate.swift */; };
		17A8E3CF2BF6250600472B10 /* SceneDelegate.swift in Sources */ = {isa = PBXBuildFile; fileRef = 17A8E3CE2BF6250600472B10 /* SceneDelegate.swift */; };
		17A8E3D12BF6250600472B10 /* ViewController.swift in Sources */ = {isa = PBXBuildFile; fileRef = 17A8E3D02BF6250600472B10 /* ViewController.swift */; };
		17A8E3D72BF6250600472B10 /* SportingApp.xcdatamodeld in Sources */ = {isa = PBXBuildFile; fileRef = 17A8E3D52BF6250600472B10 /* SportingApp.xcdatamodeld */; };
		17A8E3D92BF6253200472B10 /* Assets.xcassets in Resources */ = {isa = PBXBuildFile; fileRef = 17A8E3D82BF6253200472B10 /* Assets.xcassets */; };
		17A8E3E72BF6253300472B10 /* SportingAppTests.swift in Sources */ = {isa = PBXBuildFile; fileRef = 17A8E3E62BF6253300472B10 /* SportingAppTests.swift */; };
		17A8E3F22BF6253300472B10 /* SportingAppUITests.swift in Sources */ = {isa = PBXBuildFile; fileRef = 17A8E3F12BF6253300472B10 /* SportingAppUITests.swift */; };
		17A8E4082BF63DF200472B10 /* Main.storyboard in Resources */ = {isa = PBXBuildFile; fileRef = 17A8E4072BF63DF200472B10 /* Main.storyboard */; };
		17A8E40A2BF63E2700472B10 /* LaunchScreen.storyboard in Resources */ = {isa = PBXBuildFile; fileRef = 17A8E4092BF63E2700472B10 /* LaunchScreen.storyboard */; };
		17A8E40C2BF645F800472B10 /* HomeCollectionViewController.swift in Sources */ = {isa = PBXBuildFile; fileRef = 17A8E40B2BF645F800472B10 /* HomeCollectionViewController.swift */; };
		17A8E40E2BF6471B00472B10 /* HomeCollectionViewCell.swift in Sources */ = {isa = PBXBuildFile; fileRef = 17A8E40D2BF6471B00472B10 /* HomeCollectionViewCell.swift */; };
		17C542E52C0A538800529126 /* Player.swift in Sources */ = {isa = PBXBuildFile; fileRef = 17C542E42C0A538800529126 /* Player.swift */; };
		17C542E72C0A53A800529126 /* Team.swift in Sources */ = {isa = PBXBuildFile; fileRef = 17C542E62C0A53A800529126 /* Team.swift */; };
		17CD78D22C04A48B005686C7 /* FavTableViewController.swift in Sources */ = {isa = PBXBuildFile; fileRef = 17CD78D12C04A48B005686C7 /* FavTableViewController.swift */; };
		17D46A2A2C0262DF0023B881 /* FavoriteTableViewCell.swift in Sources */ = {isa = PBXBuildFile; fileRef = 17D46A292C0262DF0023B881 /* FavoriteTableViewCell.swift */; };
		17E9382B2C03C4C20072B490 /* CoreDataServicesTests.swift in Sources */ = {isa = PBXBuildFile; fileRef = 17E9382A2C03C4C20072B490 /* CoreDataServicesTests.swift */; };
		AD792196187890F79293E753 /* Pods_SportingAppTests.framework in Frameworks */ = {isa = PBXBuildFile; fileRef = 3E9DFA6F41680CDB7F72E006 /* Pods_SportingAppTests.framework */; };
		D9483DD5E024F6E990BD1E8E /* Pods_SportingApp.framework in Frameworks */ = {isa = PBXBuildFile; fileRef = C5767CE3898848AAE2707FBF /* Pods_SportingApp.framework */; };
		FBB670A44F24E075B0E67C86 /* Pods_SportingApp_SportingAppUITests.framework in Frameworks */ = {isa = PBXBuildFile; fileRef = B248E891B82938D3613FF462 /* Pods_SportingApp_SportingAppUITests.framework */; };
/* End PBXBuildFile section */

/* Begin PBXContainerItemProxy section */
		17A8E3E32BF6253200472B10 /* PBXContainerItemProxy */ = {
			isa = PBXContainerItemProxy;
			containerPortal = 17A8E3C12BF6250500472B10 /* Project object */;
			proxyType = 1;
			remoteGlobalIDString = 17A8E3C82BF6250600472B10;
			remoteInfo = SportingApp;
		};
		17A8E3EE2BF6253300472B10 /* PBXContainerItemProxy */ = {
			isa = PBXContainerItemProxy;
			containerPortal = 17A8E3C12BF6250500472B10 /* Project object */;
			proxyType = 1;
			remoteGlobalIDString = 17A8E3C82BF6250600472B10;
			remoteInfo = SportingApp;
		};
/* End PBXContainerItemProxy section */

/* Begin PBXFileReference section */
		0EB208FF14662030E3751399 /* Pods-SportingAppTests.debug.xcconfig */ = {isa = PBXFileReference; includeInIndex = 1; lastKnownFileType = text.xcconfig; name = "Pods-SportingAppTests.debug.xcconfig"; path = "Target Support Files/Pods-SportingAppTests/Pods-SportingAppTests.debug.xcconfig"; sourceTree = "<group>"; };
		10A612652C07320A009BFA0E /* LeagueDetailsViewModelTests.swift */ = {isa = PBXFileReference; lastKnownFileType = sourcecode.swift; path = LeagueDetailsViewModelTests.swift; sourceTree = "<group>"; };
		10BEC81F2C06D7C8001D0AF2 /* CustomHeader.swift */ = {isa = PBXFileReference; lastKnownFileType = sourcecode.swift; path = CustomHeader.swift; sourceTree = "<group>"; };
		10FA9DA12C018FCC00A391AE /* SecondMain.storyboard */ = {isa = PBXFileReference; lastKnownFileType = file.storyboard; path = SecondMain.storyboard; sourceTree = "<group>"; };
		10FA9DB02C019A4200A391AE /* LatestResultsCell.swift */ = {isa = PBXFileReference; fileEncoding = 4; lastKnownFileType = sourcecode.swift; path = LatestResultsCell.swift; sourceTree = "<group>"; };
		10FA9DB22C019A4C00A391AE /* LatestResultsCell.xib */ = {isa = PBXFileReference; fileEncoding = 4; lastKnownFileType = file.xib; path = LatestResultsCell.xib; sourceTree = "<group>"; };
		10FA9DB42C019A5600A391AE /* CustomEventCell.swift */ = {isa = PBXFileReference; fileEncoding = 4; lastKnownFileType = sourcecode.swift; path = CustomEventCell.swift; sourceTree = "<group>"; };
		10FA9DB62C019A6800A391AE /* CustomEventCell.xib */ = {isa = PBXFileReference; fileEncoding = 4; lastKnownFileType = file.xib; path = CustomEventCell.xib; sourceTree = "<group>"; };
		10FA9DB82C019A7700A391AE /* CustomTeamsCell.swift */ = {isa = PBXFileReference; fileEncoding = 4; lastKnownFileType = sourcecode.swift; path = CustomTeamsCell.swift; sourceTree = "<group>"; };
		10FA9DBA2C019A7F00A391AE /* CustomTeamsCell.xib */ = {isa = PBXFileReference; fileEncoding = 4; lastKnownFileType = file.xib; path = CustomTeamsCell.xib; sourceTree = "<group>"; };
		10FA9DBC2C019AB800A391AE /* LeagueDetailsTableTableViewController.swift */ = {isa = PBXFileReference; lastKnownFileType = sourcecode.swift; path = LeagueDetailsTableTableViewController.swift; sourceTree = "<group>"; };
		10FA9DBE2C019AFE00A391AE /* LeagueDetailsViewModle.swift */ = {isa = PBXFileReference; lastKnownFileType = sourcecode.swift; path = LeagueDetailsViewModle.swift; sourceTree = "<group>"; };
		10FA9DC32C019B8000A391AE /* Utlies.swift */ = {isa = PBXFileReference; lastKnownFileType = sourcecode.swift; path = Utlies.swift; sourceTree = "<group>"; };
		10FA9DC52C019BA000A391AE /* Constants.swift */ = {isa = PBXFileReference; lastKnownFileType = sourcecode.swift; path = Constants.swift; sourceTree = "<group>"; };
		10FA9DCC2C01A02D00A391AE /* TeamDetailsViewController.swift */ = {isa = PBXFileReference; lastKnownFileType = sourcecode.swift; path = TeamDetailsViewController.swift; sourceTree = "<group>"; };
		10FA9DD62C03205500A391AE /* TeamDetailsViewModel.swift */ = {isa = PBXFileReference; lastKnownFileType = sourcecode.swift; path = TeamDetailsViewModel.swift; sourceTree = "<group>"; };
		17399B2D2BF8AF2600EE238A /* HomeViewModel.swift */ = {isa = PBXFileReference; lastKnownFileType = sourcecode.swift; path = HomeViewModel.swift; sourceTree = "<group>"; };
		17399B2F2BF8AF9A00EE238A /* NetworkServices.swift */ = {isa = PBXFileReference; lastKnownFileType = sourcecode.swift; path = NetworkServices.swift; sourceTree = "<group>"; };
		17399B322BF8B29800EE238A /* League.swift */ = {isa = PBXFileReference; lastKnownFileType = sourcecode.swift; path = League.swift; sourceTree = "<group>"; };
		17399B342BF8CE7400EE238A /* Sport.swift */ = {isa = PBXFileReference; lastKnownFileType = sourcecode.swift; path = Sport.swift; sourceTree = "<group>"; };
		17399B392BF8EC0E00EE238A /* LeagueTableViewController.swift */ = {isa = PBXFileReference; lastKnownFileType = sourcecode.swift; path = LeagueTableViewController.swift; sourceTree = "<group>"; };
		17399B3B2BF8EE1800EE238A /* LeagueTableViewCell.swift */ = {isa = PBXFileReference; lastKnownFileType = sourcecode.swift; path = LeagueTableViewCell.swift; sourceTree = "<group>"; };
		17399B3D2BF8F44500EE238A /* LeagueViewModel.swift */ = {isa = PBXFileReference; lastKnownFileType = sourcecode.swift; path = LeagueViewModel.swift; sourceTree = "<group>"; };
		173D002F2BFD18F500DF1206 /* MockingNetwork.swift */ = {isa = PBXFileReference; lastKnownFileType = sourcecode.swift; path = MockingNetwork.swift; sourceTree = "<group>"; };
		173D00312BFD1EBA00DF1206 /* MockingTest.swift */ = {isa = PBXFileReference; lastKnownFileType = sourcecode.swift; path = MockingTest.swift; sourceTree = "<group>"; };
		173D00342BFD207300DF1206 /* ApiTest.swift */ = {isa = PBXFileReference; lastKnownFileType = sourcecode.swift; path = ApiTest.swift; sourceTree = "<group>"; };
		173D00362BFD295E00DF1206 /* CustomHeaderView.swift */ = {isa = PBXFileReference; lastKnownFileType = sourcecode.swift; path = CustomHeaderView.swift; sourceTree = "<group>"; };
		177172102BFF900E000A00C9 /* FavoriteViewModel.swift */ = {isa = PBXFileReference; lastKnownFileType = sourcecode.swift; path = FavoriteViewModel.swift; sourceTree = "<group>"; };
		177172132BFF9078000A00C9 /* CoreDataServices.swift */ = {isa = PBXFileReference; lastKnownFileType = sourcecode.swift; path = CoreDataServices.swift; sourceTree = "<group>"; };
		177172192BFFA2CF000A00C9 /* DependencyInjector.swift */ = {isa = PBXFileReference; lastKnownFileType = sourcecode.swift; path = DependencyInjector.swift; sourceTree = "<group>"; };
		1771721B2BFFA839000A00C9 /* Video.swift */ = {isa = PBXFileReference; lastKnownFileType = sourcecode.swift; path = Video.swift; sourceTree = "<group>"; };
		17850DDC2C051BA600C14225 /* FavoriteViewModelTests.swift */ = {isa = PBXFileReference; lastKnownFileType = sourcecode.swift; path = FavoriteViewModelTests.swift; sourceTree = "<group>"; };
		17864DEF2C01282800BA55B4 /* EventsResponse.swift */ = {isa = PBXFileReference; fileEncoding = 4; lastKnownFileType = sourcecode.swift; path = EventsResponse.swift; sourceTree = "<group>"; };
		178BF9A82C0612AC004109A0 /* CustomHeaderVieww.swift */ = {isa = PBXFileReference; lastKnownFileType = sourcecode.swift; path = CustomHeaderVieww.swift; sourceTree = "<group>"; };
		17A8E3C92BF6250600472B10 /* SportingApp.app */ = {isa = PBXFileReference; explicitFileType = wrapper.application; includeInIndex = 0; path = SportingApp.app; sourceTree = BUILT_PRODUCTS_DIR; };
		17A8E3CC2BF6250600472B10 /* AppDelegate.swift */ = {isa = PBXFileReference; lastKnownFileType = sourcecode.swift; path = AppDelegate.swift; sourceTree = "<group>"; };
		17A8E3CE2BF6250600472B10 /* SceneDelegate.swift */ = {isa = PBXFileReference; lastKnownFileType = sourcecode.swift; path = SceneDelegate.swift; sourceTree = "<group>"; };
		17A8E3D02BF6250600472B10 /* ViewController.swift */ = {isa = PBXFileReference; lastKnownFileType = sourcecode.swift; path = ViewController.swift; sourceTree = "<group>"; };
		17A8E3D62BF6250600472B10 /* SportingApp.xcdatamodel */ = {isa = PBXFileReference; lastKnownFileType = wrapper.xcdatamodel; path = SportingApp.xcdatamodel; sourceTree = "<group>"; };
		17A8E3D82BF6253200472B10 /* Assets.xcassets */ = {isa = PBXFileReference; lastKnownFileType = folder.assetcatalog; path = Assets.xcassets; sourceTree = "<group>"; };
		17A8E3DD2BF6253200472B10 /* Info.plist */ = {isa = PBXFileReference; lastKnownFileType = text.plist.xml; path = Info.plist; sourceTree = "<group>"; };
		17A8E3E22BF6253200472B10 /* SportingAppTests.xctest */ = {isa = PBXFileReference; explicitFileType = wrapper.cfbundle; includeInIndex = 0; path = SportingAppTests.xctest; sourceTree = BUILT_PRODUCTS_DIR; };
		17A8E3E62BF6253300472B10 /* SportingAppTests.swift */ = {isa = PBXFileReference; lastKnownFileType = sourcecode.swift; path = SportingAppTests.swift; sourceTree = "<group>"; };
		17A8E3E82BF6253300472B10 /* Info.plist */ = {isa = PBXFileReference; lastKnownFileType = text.plist.xml; path = Info.plist; sourceTree = "<group>"; };
		17A8E3ED2BF6253300472B10 /* SportingAppUITests.xctest */ = {isa = PBXFileReference; explicitFileType = wrapper.cfbundle; includeInIndex = 0; path = SportingAppUITests.xctest; sourceTree = BUILT_PRODUCTS_DIR; };
		17A8E3F12BF6253300472B10 /* SportingAppUITests.swift */ = {isa = PBXFileReference; lastKnownFileType = sourcecode.swift; path = SportingAppUITests.swift; sourceTree = "<group>"; };
		17A8E3F32BF6253300472B10 /* Info.plist */ = {isa = PBXFileReference; lastKnownFileType = text.plist.xml; path = Info.plist; sourceTree = "<group>"; };
		17A8E4072BF63DF200472B10 /* Main.storyboard */ = {isa = PBXFileReference; lastKnownFileType = file.storyboard; path = Main.storyboard; sourceTree = "<group>"; };
		17A8E4092BF63E2700472B10 /* LaunchScreen.storyboard */ = {isa = PBXFileReference; lastKnownFileType = file.storyboard; path = LaunchScreen.storyboard; sourceTree = "<group>"; };
		17A8E40B2BF645F800472B10 /* HomeCollectionViewController.swift */ = {isa = PBXFileReference; lastKnownFileType = sourcecode.swift; path = HomeCollectionViewController.swift; sourceTree = "<group>"; };
		17A8E40D2BF6471B00472B10 /* HomeCollectionViewCell.swift */ = {isa = PBXFileReference; lastKnownFileType = sourcecode.swift; path = HomeCollectionViewCell.swift; sourceTree = "<group>"; };
		17C542E42C0A538800529126 /* Player.swift */ = {isa = PBXFileReference; lastKnownFileType = sourcecode.swift; path = Player.swift; sourceTree = "<group>"; };
		17C542E62C0A53A800529126 /* Team.swift */ = {isa = PBXFileReference; lastKnownFileType = sourcecode.swift; path = Team.swift; sourceTree = "<group>"; };
		17CD78D12C04A48B005686C7 /* FavTableViewController.swift */ = {isa = PBXFileReference; lastKnownFileType = sourcecode.swift; path = FavTableViewController.swift; sourceTree = "<group>"; };
		17D46A292C0262DF0023B881 /* FavoriteTableViewCell.swift */ = {isa = PBXFileReference; lastKnownFileType = sourcecode.swift; path = FavoriteTableViewCell.swift; sourceTree = "<group>"; };
		17E9382A2C03C4C20072B490 /* CoreDataServicesTests.swift */ = {isa = PBXFileReference; lastKnownFileType = sourcecode.swift; path = CoreDataServicesTests.swift; sourceTree = "<group>"; };
		1FED632601BC82752E79549A /* Pods-SportingApp-SportingAppUITests.debug.xcconfig */ = {isa = PBXFileReference; includeInIndex = 1; lastKnownFileType = text.xcconfig; name = "Pods-SportingApp-SportingAppUITests.debug.xcconfig"; path = "Target Support Files/Pods-SportingApp-SportingAppUITests/Pods-SportingApp-SportingAppUITests.debug.xcconfig"; sourceTree = "<group>"; };
		2CACE6757F3394341453E777 /* Pods-SportingAppTests.release.xcconfig */ = {isa = PBXFileReference; includeInIndex = 1; lastKnownFileType = text.xcconfig; name = "Pods-SportingAppTests.release.xcconfig"; path = "Target Support Files/Pods-SportingAppTests/Pods-SportingAppTests.release.xcconfig"; sourceTree = "<group>"; };
		3E9DFA6F41680CDB7F72E006 /* Pods_SportingAppTests.framework */ = {isa = PBXFileReference; explicitFileType = wrapper.framework; includeInIndex = 0; path = Pods_SportingAppTests.framework; sourceTree = BUILT_PRODUCTS_DIR; };
		5AB981272CA0E3CE3942C707 /* Pods-SportingApp.debug.xcconfig */ = {isa = PBXFileReference; includeInIndex = 1; lastKnownFileType = text.xcconfig; name = "Pods-SportingApp.debug.xcconfig"; path = "Target Support Files/Pods-SportingApp/Pods-SportingApp.debug.xcconfig"; sourceTree = "<group>"; };
		88C9D45783174B6BAA2CC367 /* Pods-SportingApp.release.xcconfig */ = {isa = PBXFileReference; includeInIndex = 1; lastKnownFileType = text.xcconfig; name = "Pods-SportingApp.release.xcconfig"; path = "Target Support Files/Pods-SportingApp/Pods-SportingApp.release.xcconfig"; sourceTree = "<group>"; };
		B248E891B82938D3613FF462 /* Pods_SportingApp_SportingAppUITests.framework */ = {isa = PBXFileReference; explicitFileType = wrapper.framework; includeInIndex = 0; path = Pods_SportingApp_SportingAppUITests.framework; sourceTree = BUILT_PRODUCTS_DIR; };
		C5767CE3898848AAE2707FBF /* Pods_SportingApp.framework */ = {isa = PBXFileReference; explicitFileType = wrapper.framework; includeInIndex = 0; path = Pods_SportingApp.framework; sourceTree = BUILT_PRODUCTS_DIR; };
		C7AAC513C07C31E8B71EC7B2 /* Pods-SportingApp-SportingAppUITests.release.xcconfig */ = {isa = PBXFileReference; includeInIndex = 1; lastKnownFileType = text.xcconfig; name = "Pods-SportingApp-SportingAppUITests.release.xcconfig"; path = "Target Support Files/Pods-SportingApp-SportingAppUITests/Pods-SportingApp-SportingAppUITests.release.xcconfig"; sourceTree = "<group>"; };
/* End PBXFileReference section */

/* Begin PBXFrameworksBuildPhase section */
		17A8E3C62BF6250600472B10 /* Frameworks */ = {
			isa = PBXFrameworksBuildPhase;
			buildActionMask = 2147483647;
			files = (
				D9483DD5E024F6E990BD1E8E /* Pods_SportingApp.framework in Frameworks */,
			);
			runOnlyForDeploymentPostprocessing = 0;
		};
		17A8E3DF2BF6253200472B10 /* Frameworks */ = {
			isa = PBXFrameworksBuildPhase;
			buildActionMask = 2147483647;
			files = (
				AD792196187890F79293E753 /* Pods_SportingAppTests.framework in Frameworks */,
			);
			runOnlyForDeploymentPostprocessing = 0;
		};
		17A8E3EA2BF6253300472B10 /* Frameworks */ = {
			isa = PBXFrameworksBuildPhase;
			buildActionMask = 2147483647;
			files = (
				FBB670A44F24E075B0E67C86 /* Pods_SportingApp_SportingAppUITests.framework in Frameworks */,
			);
			runOnlyForDeploymentPostprocessing = 0;
		};
/* End PBXFrameworksBuildPhase section */

/* Begin PBXGroup section */
		10FA9DAC2C019A0000A391AE /* LeagueDetails */ = {
			isa = PBXGroup;
			children = (
				10FA9DAE2C019A1D00A391AE /* ViewModle */,
				10FA9DAD2C019A0E00A391AE /* View */,
				10FA9DBC2C019AB800A391AE /* LeagueDetailsTableTableViewController.swift */,
			);
			path = LeagueDetails;
			sourceTree = "<group>";
		};
		10FA9DAD2C019A0E00A391AE /* View */ = {
			isa = PBXGroup;
			children = (
				10FA9DAF2C019A2F00A391AE /* cell */,
				10BEC81F2C06D7C8001D0AF2 /* CustomHeader.swift */,
			);
			path = View;
			sourceTree = "<group>";
		};
		10FA9DAE2C019A1D00A391AE /* ViewModle */ = {
			isa = PBXGroup;
			children = (
				10FA9DBE2C019AFE00A391AE /* LeagueDetailsViewModle.swift */,
			);
			path = ViewModle;
			sourceTree = "<group>";
		};
		10FA9DAF2C019A2F00A391AE /* cell */ = {
			isa = PBXGroup;
			children = (
				10FA9DB02C019A4200A391AE /* LatestResultsCell.swift */,
				10FA9DB22C019A4C00A391AE /* LatestResultsCell.xib */,
				10FA9DB42C019A5600A391AE /* CustomEventCell.swift */,
				10FA9DB62C019A6800A391AE /* CustomEventCell.xib */,
				10FA9DB82C019A7700A391AE /* CustomTeamsCell.swift */,
				10FA9DBA2C019A7F00A391AE /* CustomTeamsCell.xib */,
			);
			path = cell;
			sourceTree = "<group>";
		};
		10FA9DC22C019B6000A391AE /* Utlies */ = {
			isa = PBXGroup;
			children = (
				10FA9DC32C019B8000A391AE /* Utlies.swift */,
				10FA9DC52C019BA000A391AE /* Constants.swift */,
			);
			path = Utlies;
			sourceTree = "<group>";
		};
		10FA9DC92C019FD200A391AE /* TeamDetails */ = {
			isa = PBXGroup;
			children = (
				10FA9DCB2C019FF300A391AE /* ViewModle */,
				10FA9DCA2C019FE900A391AE /* View */,
			);
			path = TeamDetails;
			sourceTree = "<group>";
		};
		10FA9DCA2C019FE900A391AE /* View */ = {
			isa = PBXGroup;
			children = (
				10FA9DCC2C01A02D00A391AE /* TeamDetailsViewController.swift */,
			);
			path = View;
			sourceTree = "<group>";
		};
		10FA9DCB2C019FF300A391AE /* ViewModle */ = {
			isa = PBXGroup;
			children = (
				10FA9DD62C03205500A391AE /* TeamDetailsViewModel.swift */,
			);
			path = ViewModle;
			sourceTree = "<group>";
		};
		17399B312BF8AFA000EE238A /* NetworkServices */ = {
			isa = PBXGroup;
			children = (
				17399B2F2BF8AF9A00EE238A /* NetworkServices.swift */,
			);
			path = NetworkServices;
			sourceTree = "<group>";
		};
		17399B362BF8EB7C00EE238A /* LeaguePage */ = {
			isa = PBXGroup;
			children = (
				17399B382BF8EB9900EE238A /* ViewModel */,
				17399B372BF8EB9400EE238A /* View */,
			);
			path = LeaguePage;
			sourceTree = "<group>";
		};
		17399B372BF8EB9400EE238A /* View */ = {
			isa = PBXGroup;
			children = (
				17399B392BF8EC0E00EE238A /* LeagueTableViewController.swift */,
				17399B3B2BF8EE1800EE238A /* LeagueTableViewCell.swift */,
			);
			path = View;
			sourceTree = "<group>";
		};
		17399B382BF8EB9900EE238A /* ViewModel */ = {
			isa = PBXGroup;
			children = (
				17399B3D2BF8F44500EE238A /* LeagueViewModel.swift */,
			);
			path = ViewModel;
			sourceTree = "<group>";
		};
		173D002E2BFD18BD00DF1206 /* Mocking */ = {
			isa = PBXGroup;
			children = (
				173D002F2BFD18F500DF1206 /* MockingNetwork.swift */,
				173D00312BFD1EBA00DF1206 /* MockingTest.swift */,
			);
			path = Mocking;
			sourceTree = "<group>";
		};
		173D00332BFD205B00DF1206 /* Network */ = {
			isa = PBXGroup;
			children = (
				173D00342BFD207300DF1206 /* ApiTest.swift */,
			);
			path = Network;
			sourceTree = "<group>";
		};
		1771720B2BFF8F90000A00C9 /* FavoritePage */ = {
			isa = PBXGroup;
			children = (
				1771720D2BFF8FC7000A00C9 /* ViewModel */,
				1771720C2BFF8FC0000A00C9 /* View */,
				177172192BFFA2CF000A00C9 /* DependencyInjector.swift */,
			);
			path = FavoritePage;
			sourceTree = "<group>";
		};
		1771720C2BFF8FC0000A00C9 /* View */ = {
			isa = PBXGroup;
			children = (
				173D00362BFD295E00DF1206 /* CustomHeaderView.swift */,
				17D46A292C0262DF0023B881 /* FavoriteTableViewCell.swift */,
				17CD78D12C04A48B005686C7 /* FavTableViewController.swift */,
			);
			path = View;
			sourceTree = "<group>";
		};
		1771720D2BFF8FC7000A00C9 /* ViewModel */ = {
			isa = PBXGroup;
			children = (
				177172102BFF900E000A00C9 /* FavoriteViewModel.swift */,
			);
			path = ViewModel;
			sourceTree = "<group>";
		};
		177172122BFF905F000A00C9 /* CoreDataServices */ = {
			isa = PBXGroup;
			children = (
				177172132BFF9078000A00C9 /* CoreDataServices.swift */,
			);
			path = CoreDataServices;
			sourceTree = "<group>";
		};
		17A8E3C02BF6250500472B10 = {
			isa = PBXGroup;
			children = (
				17A8E3CB2BF6250600472B10 /* SportingApp */,
				17A8E3E52BF6253200472B10 /* SportingAppTests */,
				17A8E3F02BF6253300472B10 /* SportingAppUITests */,
				17A8E3CA2BF6250600472B10 /* Products */,
				6F4725C77AEA7C775C5A78AC /* Pods */,
				C22F4C56309158C40A21C56D /* Frameworks */,
			);
			sourceTree = "<group>";
		};
		17A8E3CA2BF6250600472B10 /* Products */ = {
			isa = PBXGroup;
			children = (
				17A8E3C92BF6250600472B10 /* SportingApp.app */,
				17A8E3E22BF6253200472B10 /* SportingAppTests.xctest */,
				17A8E3ED2BF6253300472B10 /* SportingAppUITests.xctest */,
			);
			name = Products;
			sourceTree = "<group>";
		};
		17A8E3CB2BF6250600472B10 /* SportingApp */ = {
			isa = PBXGroup;
			children = (
				17A8E4032BF63D2A00472B10 /* Services */,
				17A8E4022BF63D2100472B10 /* Model */,
				17A8E4012BF63D1400472B10 /* Modules */,
				17A8E4002BF63D0500472B10 /* View */,
				17A8E3CC2BF6250600472B10 /* AppDelegate.swift */,
				17A8E3CE2BF6250600472B10 /* SceneDelegate.swift */,
				17A8E3D02BF6250600472B10 /* ViewController.swift */,
				17A8E3D82BF6253200472B10 /* Assets.xcassets */,
				17A8E3DD2BF6253200472B10 /* Info.plist */,
				17A8E3D52BF6250600472B10 /* SportingApp.xcdatamodeld */,
			);
			path = SportingApp;
			sourceTree = "<group>";
		};
		17A8E3E52BF6253200472B10 /* SportingAppTests */ = {
			isa = PBXGroup;
			children = (
				173D002E2BFD18BD00DF1206 /* Mocking */,
				173D00332BFD205B00DF1206 /* Network */,
				17A8E3E62BF6253300472B10 /* SportingAppTests.swift */,
				17A8E3E82BF6253300472B10 /* Info.plist */,
				17E9382A2C03C4C20072B490 /* CoreDataServicesTests.swift */,
				17850DDC2C051BA600C14225 /* FavoriteViewModelTests.swift */,
				10A612652C07320A009BFA0E /* LeagueDetailsViewModelTests.swift */,
			);
			path = SportingAppTests;
			sourceTree = "<group>";
		};
		17A8E3F02BF6253300472B10 /* SportingAppUITests */ = {
			isa = PBXGroup;
			children = (
				17A8E3F12BF6253300472B10 /* SportingAppUITests.swift */,
				17A8E3F32BF6253300472B10 /* Info.plist */,
			);
			path = SportingAppUITests;
			sourceTree = "<group>";
		};
		17A8E4002BF63D0500472B10 /* View */ = {
			isa = PBXGroup;
			children = (
				17A8E4072BF63DF200472B10 /* Main.storyboard */,
				17A8E4092BF63E2700472B10 /* LaunchScreen.storyboard */,
				10FA9DA12C018FCC00A391AE /* SecondMain.storyboard */,
			);
			path = View;
			sourceTree = "<group>";
		};
		17A8E4012BF63D1400472B10 /* Modules */ = {
			isa = PBXGroup;
			children = (
				10FA9DC22C019B6000A391AE /* Utlies */,
				10FA9DAC2C019A0000A391AE /* LeagueDetails */,
				10FA9DC92C019FD200A391AE /* TeamDetails */,
				1771720B2BFF8F90000A00C9 /* FavoritePage */,
				17399B362BF8EB7C00EE238A /* LeaguePage */,
				17A8E4042BF63D8B00472B10 /* Home */,
			);
			path = Modules;
			sourceTree = "<group>";
		};
		17A8E4022BF63D2100472B10 /* Model */ = {
			isa = PBXGroup;
			children = (
				17399B322BF8B29800EE238A /* League.swift */,
				17399B342BF8CE7400EE238A /* Sport.swift */,
				17864DEF2C01282800BA55B4 /* EventsResponse.swift */,
				1771721B2BFFA839000A00C9 /* Video.swift */,
				17C542E42C0A538800529126 /* Player.swift */,
				17C542E62C0A53A800529126 /* Team.swift */,
			);
			path = Model;
			sourceTree = "<group>";
		};
		17A8E4032BF63D2A00472B10 /* Services */ = {
			isa = PBXGroup;
			children = (
				177172122BFF905F000A00C9 /* CoreDataServices */,
				17399B312BF8AFA000EE238A /* NetworkServices */,
			);
			path = Services;
			sourceTree = "<group>";
		};
		17A8E4042BF63D8B00472B10 /* Home */ = {
			isa = PBXGroup;
			children = (
				17A8E4062BF63DA100472B10 /* View */,
				17A8E4052BF63D9500472B10 /* ViewModel */,
			);
			path = Home;
			sourceTree = "<group>";
		};
		17A8E4052BF63D9500472B10 /* ViewModel */ = {
			isa = PBXGroup;
			children = (
				17399B2D2BF8AF2600EE238A /* HomeViewModel.swift */,
			);
			path = ViewModel;
			sourceTree = "<group>";
		};
		17A8E4062BF63DA100472B10 /* View */ = {
			isa = PBXGroup;
			children = (
				17A8E40B2BF645F800472B10 /* HomeCollectionViewController.swift */,
				17A8E40D2BF6471B00472B10 /* HomeCollectionViewCell.swift */,
				178BF9A82C0612AC004109A0 /* CustomHeaderVieww.swift */,
			);
			path = View;
			sourceTree = "<group>";
		};
		6F4725C77AEA7C775C5A78AC /* Pods */ = {
			isa = PBXGroup;
			children = (
				5AB981272CA0E3CE3942C707 /* Pods-SportingApp.debug.xcconfig */,
				88C9D45783174B6BAA2CC367 /* Pods-SportingApp.release.xcconfig */,
				1FED632601BC82752E79549A /* Pods-SportingApp-SportingAppUITests.debug.xcconfig */,
				C7AAC513C07C31E8B71EC7B2 /* Pods-SportingApp-SportingAppUITests.release.xcconfig */,
				0EB208FF14662030E3751399 /* Pods-SportingAppTests.debug.xcconfig */,
				2CACE6757F3394341453E777 /* Pods-SportingAppTests.release.xcconfig */,
			);
			path = Pods;
			sourceTree = "<group>";
		};
		C22F4C56309158C40A21C56D /* Frameworks */ = {
			isa = PBXGroup;
			children = (
				C5767CE3898848AAE2707FBF /* Pods_SportingApp.framework */,
				B248E891B82938D3613FF462 /* Pods_SportingApp_SportingAppUITests.framework */,
				3E9DFA6F41680CDB7F72E006 /* Pods_SportingAppTests.framework */,
			);
			name = Frameworks;
			sourceTree = "<group>";
		};
/* End PBXGroup section */

/* Begin PBXNativeTarget section */
		17A8E3C82BF6250600472B10 /* SportingApp */ = {
			isa = PBXNativeTarget;
			buildConfigurationList = 17A8E3F62BF6253300472B10 /* Build configuration list for PBXNativeTarget "SportingApp" */;
			buildPhases = (
				C4B78A4C6D810A80F8C677B7 /* [CP] Check Pods Manifest.lock */,
				17A8E3C52BF6250600472B10 /* Sources */,
				17A8E3C62BF6250600472B10 /* Frameworks */,
				17A8E3C72BF6250600472B10 /* Resources */,
				5830A3038C3B131DE08A01C0 /* [CP] Embed Pods Frameworks */,
			);
			buildRules = (
			);
			dependencies = (
			);
			name = SportingApp;
			productName = SportingApp;
			productReference = 17A8E3C92BF6250600472B10 /* SportingApp.app */;
			productType = "com.apple.product-type.application";
		};
		17A8E3E12BF6253200472B10 /* SportingAppTests */ = {
			isa = PBXNativeTarget;
			buildConfigurationList = 17A8E3F92BF6253300472B10 /* Build configuration list for PBXNativeTarget "SportingAppTests" */;
			buildPhases = (
				85BC772A0CCDA92ED4F7C03B /* [CP] Check Pods Manifest.lock */,
				17A8E3DE2BF6253200472B10 /* Sources */,
				17A8E3DF2BF6253200472B10 /* Frameworks */,
				17A8E3E02BF6253200472B10 /* Resources */,
			);
			buildRules = (
			);
			dependencies = (
				17A8E3E42BF6253200472B10 /* PBXTargetDependency */,
			);
			name = SportingAppTests;
			productName = SportingAppTests;
			productReference = 17A8E3E22BF6253200472B10 /* SportingAppTests.xctest */;
			productType = "com.apple.product-type.bundle.unit-test";
		};
		17A8E3EC2BF6253300472B10 /* SportingAppUITests */ = {
			isa = PBXNativeTarget;
			buildConfigurationList = 17A8E3FC2BF6253300472B10 /* Build configuration list for PBXNativeTarget "SportingAppUITests" */;
			buildPhases = (
				0032192ABDBF5D7511DC3101 /* [CP] Check Pods Manifest.lock */,
				17A8E3E92BF6253300472B10 /* Sources */,
				17A8E3EA2BF6253300472B10 /* Frameworks */,
				17A8E3EB2BF6253300472B10 /* Resources */,
				29CA22FD448AADA968DF12CE /* [CP] Embed Pods Frameworks */,
			);
			buildRules = (
			);
			dependencies = (
				17A8E3EF2BF6253300472B10 /* PBXTargetDependency */,
			);
			name = SportingAppUITests;
			productName = SportingAppUITests;
			productReference = 17A8E3ED2BF6253300472B10 /* SportingAppUITests.xctest */;
			productType = "com.apple.product-type.bundle.ui-testing";
		};
/* End PBXNativeTarget section */

/* Begin PBXProject section */
		17A8E3C12BF6250500472B10 /* Project object */ = {
			isa = PBXProject;
			attributes = {
				LastSwiftUpdateCheck = 1130;
				LastUpgradeCheck = 1130;
				ORGANIZATIONNAME = habiba;
				TargetAttributes = {
					17A8E3C82BF6250600472B10 = {
						CreatedOnToolsVersion = 11.3;
					};
					17A8E3E12BF6253200472B10 = {
						CreatedOnToolsVersion = 11.3;
						TestTargetID = 17A8E3C82BF6250600472B10;
					};
					17A8E3EC2BF6253300472B10 = {
						CreatedOnToolsVersion = 11.3;
						TestTargetID = 17A8E3C82BF6250600472B10;
					};
				};
			};
			buildConfigurationList = 17A8E3C42BF6250500472B10 /* Build configuration list for PBXProject "SportingApp" */;
			compatibilityVersion = "Xcode 9.3";
			developmentRegion = en;
			hasScannedForEncodings = 0;
			knownRegions = (
				en,
				Base,
			);
			mainGroup = 17A8E3C02BF6250500472B10;
			productRefGroup = 17A8E3CA2BF6250600472B10 /* Products */;
			projectDirPath = "";
			projectRoot = "";
			targets = (
				17A8E3C82BF6250600472B10 /* SportingApp */,
				17A8E3E12BF6253200472B10 /* SportingAppTests */,
				17A8E3EC2BF6253300472B10 /* SportingAppUITests */,
			);
		};
/* End PBXProject section */

/* Begin PBXResourcesBuildPhase section */
		17A8E3C72BF6250600472B10 /* Resources */ = {
			isa = PBXResourcesBuildPhase;
			buildActionMask = 2147483647;
			files = (
				10FA9DB32C019A4C00A391AE /* LatestResultsCell.xib in Resources */,
				10FA9DBB2C019A7F00A391AE /* CustomTeamsCell.xib in Resources */,
				17A8E40A2BF63E2700472B10 /* LaunchScreen.storyboard in Resources */,
				10FA9DA22C018FCC00A391AE /* SecondMain.storyboard in Resources */,
				10FA9DB72C019A6800A391AE /* CustomEventCell.xib in Resources */,
				17A8E3D92BF6253200472B10 /* Assets.xcassets in Resources */,
				17A8E4082BF63DF200472B10 /* Main.storyboard in Resources */,
			);
			runOnlyForDeploymentPostprocessing = 0;
		};
		17A8E3E02BF6253200472B10 /* Resources */ = {
			isa = PBXResourcesBuildPhase;
			buildActionMask = 2147483647;
			files = (
			);
			runOnlyForDeploymentPostprocessing = 0;
		};
		17A8E3EB2BF6253300472B10 /* Resources */ = {
			isa = PBXResourcesBuildPhase;
			buildActionMask = 2147483647;
			files = (
			);
			runOnlyForDeploymentPostprocessing = 0;
		};
/* End PBXResourcesBuildPhase section */

/* Begin PBXShellScriptBuildPhase section */
		0032192ABDBF5D7511DC3101 /* [CP] Check Pods Manifest.lock */ = {
			isa = PBXShellScriptBuildPhase;
			buildActionMask = 2147483647;
			files = (
			);
			inputFileListPaths = (
			);
			inputPaths = (
				"${PODS_PODFILE_DIR_PATH}/Podfile.lock",
				"${PODS_ROOT}/Manifest.lock",
			);
			name = "[CP] Check Pods Manifest.lock";
			outputFileListPaths = (
			);
			outputPaths = (
				"$(DERIVED_FILE_DIR)/Pods-SportingApp-SportingAppUITests-checkManifestLockResult.txt",
			);
			runOnlyForDeploymentPostprocessing = 0;
			shellPath = /bin/sh;
			shellScript = "diff \"${PODS_PODFILE_DIR_PATH}/Podfile.lock\" \"${PODS_ROOT}/Manifest.lock\" > /dev/null\nif [ $? != 0 ] ; then\n    # print error to STDERR\n    echo \"error: The sandbox is not in sync with the Podfile.lock. Run 'pod install' or update your CocoaPods installation.\" >&2\n    exit 1\nfi\n# This output is used by Xcode 'outputs' to avoid re-running this script phase.\necho \"SUCCESS\" > \"${SCRIPT_OUTPUT_FILE_0}\"\n";
			showEnvVarsInLog = 0;
		};
		29CA22FD448AADA968DF12CE /* [CP] Embed Pods Frameworks */ = {
			isa = PBXShellScriptBuildPhase;
			buildActionMask = 2147483647;
			files = (
			);
			inputFileListPaths = (
				"${PODS_ROOT}/Target Support Files/Pods-SportingApp-SportingAppUITests/Pods-SportingApp-SportingAppUITests-frameworks-${CONFIGURATION}-input-files.xcfilelist",
			);
			name = "[CP] Embed Pods Frameworks";
			outputFileListPaths = (
				"${PODS_ROOT}/Target Support Files/Pods-SportingApp-SportingAppUITests/Pods-SportingApp-SportingAppUITests-frameworks-${CONFIGURATION}-output-files.xcfilelist",
			);
			runOnlyForDeploymentPostprocessing = 0;
			shellPath = /bin/sh;
			shellScript = "\"${PODS_ROOT}/Target Support Files/Pods-SportingApp-SportingAppUITests/Pods-SportingApp-SportingAppUITests-frameworks.sh\"\n";
			showEnvVarsInLog = 0;
		};
		5830A3038C3B131DE08A01C0 /* [CP] Embed Pods Frameworks */ = {
			isa = PBXShellScriptBuildPhase;
			buildActionMask = 2147483647;
			files = (
			);
			inputFileListPaths = (
				"${PODS_ROOT}/Target Support Files/Pods-SportingApp/Pods-SportingApp-frameworks-${CONFIGURATION}-input-files.xcfilelist",
			);
			name = "[CP] Embed Pods Frameworks";
			outputFileListPaths = (
				"${PODS_ROOT}/Target Support Files/Pods-SportingApp/Pods-SportingApp-frameworks-${CONFIGURATION}-output-files.xcfilelist",
			);
			runOnlyForDeploymentPostprocessing = 0;
			shellPath = /bin/sh;
			shellScript = "\"${PODS_ROOT}/Target Support Files/Pods-SportingApp/Pods-SportingApp-frameworks.sh\"\n";
			showEnvVarsInLog = 0;
		};
		85BC772A0CCDA92ED4F7C03B /* [CP] Check Pods Manifest.lock */ = {
			isa = PBXShellScriptBuildPhase;
			buildActionMask = 2147483647;
			files = (
			);
			inputFileListPaths = (
			);
			inputPaths = (
				"${PODS_PODFILE_DIR_PATH}/Podfile.lock",
				"${PODS_ROOT}/Manifest.lock",
			);
			name = "[CP] Check Pods Manifest.lock";
			outputFileListPaths = (
			);
			outputPaths = (
				"$(DERIVED_FILE_DIR)/Pods-SportingAppTests-checkManifestLockResult.txt",
			);
			runOnlyForDeploymentPostprocessing = 0;
			shellPath = /bin/sh;
			shellScript = "diff \"${PODS_PODFILE_DIR_PATH}/Podfile.lock\" \"${PODS_ROOT}/Manifest.lock\" > /dev/null\nif [ $? != 0 ] ; then\n    # print error to STDERR\n    echo \"error: The sandbox is not in sync with the Podfile.lock. Run 'pod install' or update your CocoaPods installation.\" >&2\n    exit 1\nfi\n# This output is used by Xcode 'outputs' to avoid re-running this script phase.\necho \"SUCCESS\" > \"${SCRIPT_OUTPUT_FILE_0}\"\n";
			showEnvVarsInLog = 0;
		};
		C4B78A4C6D810A80F8C677B7 /* [CP] Check Pods Manifest.lock */ = {
			isa = PBXShellScriptBuildPhase;
			buildActionMask = 2147483647;
			files = (
			);
			inputFileListPaths = (
			);
			inputPaths = (
				"${PODS_PODFILE_DIR_PATH}/Podfile.lock",
				"${PODS_ROOT}/Manifest.lock",
			);
			name = "[CP] Check Pods Manifest.lock";
			outputFileListPaths = (
			);
			outputPaths = (
				"$(DERIVED_FILE_DIR)/Pods-SportingApp-checkManifestLockResult.txt",
			);
			runOnlyForDeploymentPostprocessing = 0;
			shellPath = /bin/sh;
			shellScript = "diff \"${PODS_PODFILE_DIR_PATH}/Podfile.lock\" \"${PODS_ROOT}/Manifest.lock\" > /dev/null\nif [ $? != 0 ] ; then\n    # print error to STDERR\n    echo \"error: The sandbox is not in sync with the Podfile.lock. Run 'pod install' or update your CocoaPods installation.\" >&2\n    exit 1\nfi\n# This output is used by Xcode 'outputs' to avoid re-running this script phase.\necho \"SUCCESS\" > \"${SCRIPT_OUTPUT_FILE_0}\"\n";
			showEnvVarsInLog = 0;
		};
/* End PBXShellScriptBuildPhase section */

/* Begin PBXSourcesBuildPhase section */
		17A8E3C52BF6250600472B10 /* Sources */ = {
			isa = PBXSourcesBuildPhase;
			buildActionMask = 2147483647;
			files = (
				17399B352BF8CE7400EE238A /* Sport.swift in Sources */,
				17A8E3D12BF6250600472B10 /* ViewController.swift in Sources */,
				17399B332BF8B29800EE238A /* League.swift in Sources */,
				10FA9DBF2C019AFE00A391AE /* LeagueDetailsViewModle.swift in Sources */,
				10FA9DC62C019BA000A391AE /* Constants.swift in Sources */,
				17A8E3CD2BF6250600472B10 /* AppDelegate.swift in Sources */,
				178BF9A92C0612AC004109A0 /* CustomHeaderVieww.swift in Sources */,
				10FA9DB52C019A5600A391AE /* CustomEventCell.swift in Sources */,
				17C542E72C0A53A800529126 /* Team.swift in Sources */,
				10FA9DB92C019A7700A391AE /* CustomTeamsCell.swift in Sources */,
				17399B3E2BF8F44500EE238A /* LeagueViewModel.swift in Sources */,
				10FA9DC42C019B8000A391AE /* Utlies.swift in Sources */,
				17399B2E2BF8AF2600EE238A /* HomeViewModel.swift in Sources */,
				17A8E3CF2BF6250600472B10 /* SceneDelegate.swift in Sources */,
				10FA9DD72C03205500A391AE /* TeamDetailsViewModel.swift in Sources */,
				10FA9DBD2C019AB800A391AE /* LeagueDetailsTableTableViewController.swift in Sources */,
				10FA9DB12C019A4200A391AE /* LatestResultsCell.swift in Sources */,
				17A8E40C2BF645F800472B10 /* HomeCollectionViewController.swift in Sources */,
				173D00372BFD295E00DF1206 /* CustomHeaderView.swift in Sources */,
				1771721A2BFFA2CF000A00C9 /* DependencyInjector.swift in Sources */,
				17399B3A2BF8EC0E00EE238A /* LeagueTableViewController.swift in Sources */,
				17864DF22C01282800BA55B4 /* EventsResponse.swift in Sources */,
				177172142BFF9078000A00C9 /* CoreDataServices.swift in Sources */,
				17A8E3D72BF6250600472B10 /* SportingApp.xcdatamodeld in Sources */,
				17399B302BF8AF9A00EE238A /* NetworkServices.swift in Sources */,
				17D46A2A2C0262DF0023B881 /* FavoriteTableViewCell.swift in Sources */,
				1771721C2BFFA839000A00C9 /* Video.swift in Sources */,
				10BEC8202C06D7C8001D0AF2 /* CustomHeader.swift in Sources */,
				10FA9DCD2C01A02D00A391AE /* TeamDetailsViewController.swift in Sources */,
				17CD78D22C04A48B005686C7 /* FavTableViewController.swift in Sources */,
				17399B3C2BF8EE1800EE238A /* LeagueTableViewCell.swift in Sources */,
				177172112BFF900E000A00C9 /* FavoriteViewModel.swift in Sources */,
				17C542E52C0A538800529126 /* Player.swift in Sources */,
				17A8E40E2BF6471B00472B10 /* HomeCollectionViewCell.swift in Sources */,
			);
			runOnlyForDeploymentPostprocessing = 0;
		};
		17A8E3DE2BF6253200472B10 /* Sources */ = {
			isa = PBXSourcesBuildPhase;
			buildActionMask = 2147483647;
			files = (
				17A8E3E72BF6253300472B10 /* SportingAppTests.swift in Sources */,
				173D00322BFD1EBA00DF1206 /* MockingTest.swift in Sources */,
				10A612662C07320A009BFA0E /* LeagueDetailsViewModelTests.swift in Sources */,
				17850DDD2C051BA600C14225 /* FavoriteViewModelTests.swift in Sources */,
				173D00352BFD207300DF1206 /* ApiTest.swift in Sources */,
				17E9382B2C03C4C20072B490 /* CoreDataServicesTests.swift in Sources */,
				173D00302BFD18F500DF1206 /* MockingNetwork.swift in Sources */,
			);
			runOnlyForDeploymentPostprocessing = 0;
		};
		17A8E3E92BF6253300472B10 /* Sources */ = {
			isa = PBXSourcesBuildPhase;
			buildActionMask = 2147483647;
			files = (
				17A8E3F22BF6253300472B10 /* SportingAppUITests.swift in Sources */,
			);
			runOnlyForDeploymentPostprocessing = 0;
		};
/* End PBXSourcesBuildPhase section */

/* Begin PBXTargetDependency section */
		17A8E3E42BF6253200472B10 /* PBXTargetDependency */ = {
			isa = PBXTargetDependency;
			target = 17A8E3C82BF6250600472B10 /* SportingApp */;
			targetProxy = 17A8E3E32BF6253200472B10 /* PBXContainerItemProxy */;
		};
		17A8E3EF2BF6253300472B10 /* PBXTargetDependency */ = {
			isa = PBXTargetDependency;
			target = 17A8E3C82BF6250600472B10 /* SportingApp */;
			targetProxy = 17A8E3EE2BF6253300472B10 /* PBXContainerItemProxy */;
		};
/* End PBXTargetDependency section */

/* Begin XCBuildConfiguration section */
		17A8E3F42BF6253300472B10 /* Debug */ = {
			isa = XCBuildConfiguration;
			buildSettings = {
				ALWAYS_SEARCH_USER_PATHS = NO;
				CLANG_ANALYZER_NONNULL = YES;
				CLANG_ANALYZER_NUMBER_OBJECT_CONVERSION = YES_AGGRESSIVE;
				CLANG_CXX_LANGUAGE_STANDARD = "gnu++14";
				CLANG_CXX_LIBRARY = "libc++";
				CLANG_ENABLE_MODULES = YES;
				CLANG_ENABLE_OBJC_ARC = YES;
				CLANG_ENABLE_OBJC_WEAK = YES;
				CLANG_WARN_BLOCK_CAPTURE_AUTORELEASING = YES;
				CLANG_WARN_BOOL_CONVERSION = YES;
				CLANG_WARN_COMMA = YES;
				CLANG_WARN_CONSTANT_CONVERSION = YES;
				CLANG_WARN_DEPRECATED_OBJC_IMPLEMENTATIONS = YES;
				CLANG_WARN_DIRECT_OBJC_ISA_USAGE = YES_ERROR;
				CLANG_WARN_DOCUMENTATION_COMMENTS = YES;
				CLANG_WARN_EMPTY_BODY = YES;
				CLANG_WARN_ENUM_CONVERSION = YES;
				CLANG_WARN_INFINITE_RECURSION = YES;
				CLANG_WARN_INT_CONVERSION = YES;
				CLANG_WARN_NON_LITERAL_NULL_CONVERSION = YES;
				CLANG_WARN_OBJC_IMPLICIT_RETAIN_SELF = YES;
				CLANG_WARN_OBJC_LITERAL_CONVERSION = YES;
				CLANG_WARN_OBJC_ROOT_CLASS = YES_ERROR;
				CLANG_WARN_RANGE_LOOP_ANALYSIS = YES;
				CLANG_WARN_STRICT_PROTOTYPES = YES;
				CLANG_WARN_SUSPICIOUS_MOVE = YES;
				CLANG_WARN_UNGUARDED_AVAILABILITY = YES_AGGRESSIVE;
				CLANG_WARN_UNREACHABLE_CODE = YES;
				CLANG_WARN__DUPLICATE_METHOD_MATCH = YES;
				COPY_PHASE_STRIP = NO;
				DEBUG_INFORMATION_FORMAT = dwarf;
				ENABLE_STRICT_OBJC_MSGSEND = YES;
				ENABLE_TESTABILITY = YES;
				GCC_C_LANGUAGE_STANDARD = gnu11;
				GCC_DYNAMIC_NO_PIC = NO;
				GCC_NO_COMMON_BLOCKS = YES;
				GCC_OPTIMIZATION_LEVEL = 0;
				GCC_PREPROCESSOR_DEFINITIONS = (
					"DEBUG=1",
					"$(inherited)",
				);
				GCC_WARN_64_TO_32_BIT_CONVERSION = YES;
				GCC_WARN_ABOUT_RETURN_TYPE = YES_ERROR;
				GCC_WARN_UNDECLARED_SELECTOR = YES;
				GCC_WARN_UNINITIALIZED_AUTOS = YES_AGGRESSIVE;
				GCC_WARN_UNUSED_FUNCTION = YES;
				GCC_WARN_UNUSED_VARIABLE = YES;
				IPHONEOS_DEPLOYMENT_TARGET = 13.2;
				MTL_ENABLE_DEBUG_INFO = INCLUDE_SOURCE;
				MTL_FAST_MATH = YES;
				ONLY_ACTIVE_ARCH = YES;
				SDKROOT = iphoneos;
				SWIFT_ACTIVE_COMPILATION_CONDITIONS = DEBUG;
				SWIFT_OPTIMIZATION_LEVEL = "-Onone";
			};
			name = Debug;
		};
		17A8E3F52BF6253300472B10 /* Release */ = {
			isa = XCBuildConfiguration;
			buildSettings = {
				ALWAYS_SEARCH_USER_PATHS = NO;
				CLANG_ANALYZER_NONNULL = YES;
				CLANG_ANALYZER_NUMBER_OBJECT_CONVERSION = YES_AGGRESSIVE;
				CLANG_CXX_LANGUAGE_STANDARD = "gnu++14";
				CLANG_CXX_LIBRARY = "libc++";
				CLANG_ENABLE_MODULES = YES;
				CLANG_ENABLE_OBJC_ARC = YES;
				CLANG_ENABLE_OBJC_WEAK = YES;
				CLANG_WARN_BLOCK_CAPTURE_AUTORELEASING = YES;
				CLANG_WARN_BOOL_CONVERSION = YES;
				CLANG_WARN_COMMA = YES;
				CLANG_WARN_CONSTANT_CONVERSION = YES;
				CLANG_WARN_DEPRECATED_OBJC_IMPLEMENTATIONS = YES;
				CLANG_WARN_DIRECT_OBJC_ISA_USAGE = YES_ERROR;
				CLANG_WARN_DOCUMENTATION_COMMENTS = YES;
				CLANG_WARN_EMPTY_BODY = YES;
				CLANG_WARN_ENUM_CONVERSION = YES;
				CLANG_WARN_INFINITE_RECURSION = YES;
				CLANG_WARN_INT_CONVERSION = YES;
				CLANG_WARN_NON_LITERAL_NULL_CONVERSION = YES;
				CLANG_WARN_OBJC_IMPLICIT_RETAIN_SELF = YES;
				CLANG_WARN_OBJC_LITERAL_CONVERSION = YES;
				CLANG_WARN_OBJC_ROOT_CLASS = YES_ERROR;
				CLANG_WARN_RANGE_LOOP_ANALYSIS = YES;
				CLANG_WARN_STRICT_PROTOTYPES = YES;
				CLANG_WARN_SUSPICIOUS_MOVE = YES;
				CLANG_WARN_UNGUARDED_AVAILABILITY = YES_AGGRESSIVE;
				CLANG_WARN_UNREACHABLE_CODE = YES;
				CLANG_WARN__DUPLICATE_METHOD_MATCH = YES;
				COPY_PHASE_STRIP = NO;
				DEBUG_INFORMATION_FORMAT = "dwarf-with-dsym";
				ENABLE_NS_ASSERTIONS = NO;
				ENABLE_STRICT_OBJC_MSGSEND = YES;
				GCC_C_LANGUAGE_STANDARD = gnu11;
				GCC_NO_COMMON_BLOCKS = YES;
				GCC_WARN_64_TO_32_BIT_CONVERSION = YES;
				GCC_WARN_ABOUT_RETURN_TYPE = YES_ERROR;
				GCC_WARN_UNDECLARED_SELECTOR = YES;
				GCC_WARN_UNINITIALIZED_AUTOS = YES_AGGRESSIVE;
				GCC_WARN_UNUSED_FUNCTION = YES;
				GCC_WARN_UNUSED_VARIABLE = YES;
				IPHONEOS_DEPLOYMENT_TARGET = 13.2;
				MTL_ENABLE_DEBUG_INFO = NO;
				MTL_FAST_MATH = YES;
				SDKROOT = iphoneos;
				SWIFT_COMPILATION_MODE = wholemodule;
				SWIFT_OPTIMIZATION_LEVEL = "-O";
				VALIDATE_PRODUCT = YES;
			};
			name = Release;
		};
		17A8E3F72BF6253300472B10 /* Debug */ = {
			isa = XCBuildConfiguration;
			baseConfigurationReference = 5AB981272CA0E3CE3942C707 /* Pods-SportingApp.debug.xcconfig */;
			buildSettings = {
				ASSETCATALOG_COMPILER_APPICON_NAME = AppIcon;
				CODE_SIGN_STYLE = Automatic;
				INFOPLIST_FILE = SportingApp/Info.plist;
				LD_RUNPATH_SEARCH_PATHS = (
					"$(inherited)",
					"@executable_path/Frameworks",
				);
				PRODUCT_BUNDLE_IDENTIFIER = habiba.SportingApp;
				PRODUCT_NAME = "$(TARGET_NAME)";
				SWIFT_VERSION = 5.0;
				TARGETED_DEVICE_FAMILY = "1,2";
			};
			name = Debug;
		};
		17A8E3F82BF6253300472B10 /* Release */ = {
			isa = XCBuildConfiguration;
			baseConfigurationReference = 88C9D45783174B6BAA2CC367 /* Pods-SportingApp.release.xcconfig */;
			buildSettings = {
				ASSETCATALOG_COMPILER_APPICON_NAME = AppIcon;
				CODE_SIGN_STYLE = Automatic;
				INFOPLIST_FILE = SportingApp/Info.plist;
				LD_RUNPATH_SEARCH_PATHS = (
					"$(inherited)",
					"@executable_path/Frameworks",
				);
				PRODUCT_BUNDLE_IDENTIFIER = habiba.SportingApp;
				PRODUCT_NAME = "$(TARGET_NAME)";
				SWIFT_VERSION = 5.0;
				TARGETED_DEVICE_FAMILY = "1,2";
			};
			name = Release;
		};
		17A8E3FA2BF6253300472B10 /* Debug */ = {
			isa = XCBuildConfiguration;
			baseConfigurationReference = 0EB208FF14662030E3751399 /* Pods-SportingAppTests.debug.xcconfig */;
			buildSettings = {
				ALWAYS_EMBED_SWIFT_STANDARD_LIBRARIES = YES;
				BUNDLE_LOADER = "$(TEST_HOST)";
				CODE_SIGN_STYLE = Automatic;
				INFOPLIST_FILE = SportingAppTests/Info.plist;
				IPHONEOS_DEPLOYMENT_TARGET = 13.2;
				LD_RUNPATH_SEARCH_PATHS = (
					"$(inherited)",
					"@executable_path/Frameworks",
					"@loader_path/Frameworks",
				);
				PRODUCT_BUNDLE_IDENTIFIER = habiba.SportingAppTests;
				PRODUCT_NAME = "$(TARGET_NAME)";
				SWIFT_VERSION = 5.0;
				TARGETED_DEVICE_FAMILY = "1,2";
				TEST_HOST = "$(BUILT_PRODUCTS_DIR)/SportingApp.app/SportingApp";
			};
			name = Debug;
		};
		17A8E3FB2BF6253300472B10 /* Release */ = {
			isa = XCBuildConfiguration;
			baseConfigurationReference = 2CACE6757F3394341453E777 /* Pods-SportingAppTests.release.xcconfig */;
			buildSettings = {
				ALWAYS_EMBED_SWIFT_STANDARD_LIBRARIES = YES;
				BUNDLE_LOADER = "$(TEST_HOST)";
				CODE_SIGN_STYLE = Automatic;
				INFOPLIST_FILE = SportingAppTests/Info.plist;
				IPHONEOS_DEPLOYMENT_TARGET = 13.2;
				LD_RUNPATH_SEARCH_PATHS = (
					"$(inherited)",
					"@executable_path/Frameworks",
					"@loader_path/Frameworks",
				);
				PRODUCT_BUNDLE_IDENTIFIER = habiba.SportingAppTests;
				PRODUCT_NAME = "$(TARGET_NAME)";
				SWIFT_VERSION = 5.0;
				TARGETED_DEVICE_FAMILY = "1,2";
				TEST_HOST = "$(BUILT_PRODUCTS_DIR)/SportingApp.app/SportingApp";
			};
			name = Release;
		};
		17A8E3FD2BF6253300472B10 /* Debug */ = {
			isa = XCBuildConfiguration;
			baseConfigurationReference = 1FED632601BC82752E79549A /* Pods-SportingApp-SportingAppUITests.debug.xcconfig */;
			buildSettings = {
				ALWAYS_EMBED_SWIFT_STANDARD_LIBRARIES = YES;
				CODE_SIGN_STYLE = Automatic;
				INFOPLIST_FILE = SportingAppUITests/Info.plist;
				LD_RUNPATH_SEARCH_PATHS = (
					"$(inherited)",
					"@executable_path/Frameworks",
					"@loader_path/Frameworks",
				);
				PRODUCT_BUNDLE_IDENTIFIER = habiba.SportingAppUITests;
				PRODUCT_NAME = "$(TARGET_NAME)";
				SWIFT_VERSION = 5.0;
				TARGETED_DEVICE_FAMILY = "1,2";
				TEST_TARGET_NAME = SportingApp;
			};
			name = Debug;
		};
		17A8E3FE2BF6253300472B10 /* Release */ = {
			isa = XCBuildConfiguration;
			baseConfigurationReference = C7AAC513C07C31E8B71EC7B2 /* Pods-SportingApp-SportingAppUITests.release.xcconfig */;
			buildSettings = {
				ALWAYS_EMBED_SWIFT_STANDARD_LIBRARIES = YES;
				CODE_SIGN_STYLE = Automatic;
				INFOPLIST_FILE = SportingAppUITests/Info.plist;
				LD_RUNPATH_SEARCH_PATHS = (
					"$(inherited)",
					"@executable_path/Frameworks",
					"@loader_path/Frameworks",
				);
				PRODUCT_BUNDLE_IDENTIFIER = habiba.SportingAppUITests;
				PRODUCT_NAME = "$(TARGET_NAME)";
				SWIFT_VERSION = 5.0;
				TARGETED_DEVICE_FAMILY = "1,2";
				TEST_TARGET_NAME = SportingApp;
			};
			name = Release;
		};
/* End XCBuildConfiguration section */

/* Begin XCConfigurationList section */
		17A8E3C42BF6250500472B10 /* Build configuration list for PBXProject "SportingApp" */ = {
			isa = XCConfigurationList;
			buildConfigurations = (
				17A8E3F42BF6253300472B10 /* Debug */,
				17A8E3F52BF6253300472B10 /* Release */,
			);
			defaultConfigurationIsVisible = 0;
			defaultConfigurationName = Release;
		};
		17A8E3F62BF6253300472B10 /* Build configuration list for PBXNativeTarget "SportingApp" */ = {
			isa = XCConfigurationList;
			buildConfigurations = (
				17A8E3F72BF6253300472B10 /* Debug */,
				17A8E3F82BF6253300472B10 /* Release */,
			);
			defaultConfigurationIsVisible = 0;
			defaultConfigurationName = Release;
		};
		17A8E3F92BF6253300472B10 /* Build configuration list for PBXNativeTarget "SportingAppTests" */ = {
			isa = XCConfigurationList;
			buildConfigurations = (
				17A8E3FA2BF6253300472B10 /* Debug */,
				17A8E3FB2BF6253300472B10 /* Release */,
			);
			defaultConfigurationIsVisible = 0;
			defaultConfigurationName = Release;
		};
		17A8E3FC2BF6253300472B10 /* Build configuration list for PBXNativeTarget "SportingAppUITests" */ = {
			isa = XCConfigurationList;
			buildConfigurations = (
				17A8E3FD2BF6253300472B10 /* Debug */,
				17A8E3FE2BF6253300472B10 /* Release */,
			);
			defaultConfigurationIsVisible = 0;
			defaultConfigurationName = Release;
		};
/* End XCConfigurationList section */

/* Begin XCVersionGroup section */
		17A8E3D52BF6250600472B10 /* SportingApp.xcdatamodeld */ = {
			isa = XCVersionGroup;
			children = (
				17A8E3D62BF6250600472B10 /* SportingApp.xcdatamodel */,
			);
			currentVersion = 17A8E3D62BF6250600472B10 /* SportingApp.xcdatamodel */;
			path = SportingApp.xcdatamodeld;
			sourceTree = "<group>";
			versionGroupType = wrapper.xcdatamodel;
		};
/* End XCVersionGroup section */
	};
	rootObject = 17A8E3C12BF6250500472B10 /* Project object */;
}
